{
    "_meta": {
        "hash": {
            "sha256": "720bb35ba2a3e6fa39d32a25b63ce92936d3891fd3940a15f860358e0bdc8d4f"
        },
        "host-environment-markers": {
            "implementation_name": "cpython",
            "implementation_version": "3.6.2",
            "os_name": "posix",
            "platform_machine": "x86_64",
            "platform_python_implementation": "CPython",
            "platform_release": "4.10.0-42-generic",
            "platform_system": "Linux",
            "platform_version": "#46-Ubuntu SMP Mon Dec 4 14:38:01 UTC 2017",
            "python_full_version": "3.6.2",
            "python_version": "3.6",
            "sys_platform": "linux"
        },
        "pipfile-spec": 6,
        "requires": {},
        "sources": [
            {
                "name": "pypi",
                "url": "https://pypi.python.org/simple",
                "verify_ssl": true
            }
        ]
    },
    "default": {
        "b6cfd29": {
            "file": "http://download.pytorch.org/whl/cpu/torch-0.3.1-cp36-cp36m-linux_x86_64.whl"
        }
    },
    "develop": {}
}
